{
  "name": "@planetbee/seller-assistant",
  "version": "0.1.0",
  "lockfileVersion": 3,
  "requires": true,
  "packages": {
    "": {
      "name": "@planetbee/seller-assistant",
      "version": "0.1.0",
      "license": "MIT",
      "dependencies": {
        "@shopify/admin-api-client": "^1.1.2"
      }
    },
    "node_modules/@shopify/admin-api-client": {
      "version": "1.1.2",
      "resolved": "https://registry.npmjs.org/@shopify/admin-api-client/-/admin-api-client-1.1.2.tgz",
      "integrity": "sha512-sV5gS8x4kj0KLULlOJkoBzm+tu6tn+1PCK9a6inySv5qtzmf/JxDWtLgaW9vRXeXHo/Sl/p3mBWhY3//fKA8iw==",
      "license": "MIT",
      "dependencies": {
        "@shopify/graphql-client": "^1.4.2"
      }
    },
    "node_modules/@shopify/graphql-client": {
      "version": "1.4.2",
      "resolved": "https://registry.npmjs.org/@shopify/graphql-client/-/graphql-client-1.4.2.tgz",
      "integrity": "sha512-C/fEyx6BZmTGeJv0HSsduhfn5ZbkXk0nePkyo0+xXxorP1I+uvx9pobdFxTfiPnOrh+P6QiKzBgIviksnSo4YA==",
      "license": "MIT"
    }
  }
}
